
Microsoft Visual Studio Solution File, Format Version 12.00
# Visual Studio Version 17
VisualStudioVersion = 17.3.32901.215
MinimumVisualStudioVersion = 10.0.40219.1
Project("{888888A0-9F3D-457C-B088-3A5042F75D52}") = "GraficsBuilder", "GraficsBuilder.pyproj", "{7BC84268-11EE-41E8-AE03-5CD50DDBA00A}"
EndProject
Global
	GlobalSection(SolutionConfigurationPlatforms) = preSolution
		Debug|Any CPU = Debug|Any CPU
		Release|Any CPU = Release|Any CPU
	EndGlobalSection
	GlobalSection(ProjectConfigurationPlatforms) = postSolution
		{7BC84268-11EE-41E8-AE03-5CD50DDBA00A}.Debug|Any CPU.ActiveCfg = Debug|Any CPU
		{7BC84268-11EE-41E8-AE03-5CD50DDBA00A}.Release|Any CPU.ActiveCfg = Release|Any CPU
	EndGlobalSection
	GlobalSection(SolutionProperties) = preSolution
		HideSolutionNode = FALSE
	EndGlobalSection
	GlobalSection(ExtensibilityGlobals) = postSolution
		SolutionGuid = {CC010877-AEA1-4E62-BF51-14B16F709EE3}
	EndGlobalSection
EndGlobal
